
Microsoft Visual Studio Solution File, Format Version 12.00
# Visual Studio Version 17
VisualStudioVersion = 17.4.33213.308
MinimumVisualStudioVersion = 10.0.40219.1
Project("{FAE04EC0-301F-11D3-BF4B-00C04F79EFBC}") = "AnnotationTest", "AnnotationTest\AnnotationTest.csproj", "{571F9E70-A5CB-45BA-84C7-83BCF0572630}"
EndProject
Global
	GlobalSection(SolutionConfigurationPlatforms) = preSolution
		Debug|Any CPU = Debug|Any CPU
		Release|Any CPU = Release|Any CPU
	EndGlobalSection
	GlobalSection(ProjectConfigurationPlatforms) = postSolution
		{571F9E70-A5CB-45BA-84C7-83BCF0572630}.Debug|Any CPU.ActiveCfg = Debug|Any CPU
		{571F9E70-A5CB-45BA-84C7-83BCF0572630}.Debug|Any CPU.Build.0 = Debug|Any CPU
		{571F9E70-A5CB-45BA-84C7-83BCF0572630}.Release|Any CPU.ActiveCfg = Release|Any CPU
		{571F9E70-A5CB-45BA-84C7-83BCF0572630}.Release|Any CPU.Build.0 = Release|Any CPU
	EndGlobalSection
	GlobalSection(SolutionProperties) = preSolution
		HideSolutionNode = FALSE
	EndGlobalSection
	GlobalSection(ExtensibilityGlobals) = postSolution
		SolutionGuid = {AF50CB12-9ABF-4F39-9EEA-F109E3ECB90E}
	EndGlobalSection
EndGlobal
